PODS:
  - Capacitor (6.0.0):
    - CapacitorCordova
  - CapacitorCommunitySqlite (5.7.3-3):
    - Capacitor
    - SQLCipher
    - ZIPFoundation
  - CapacitorCordova (6.0.0)
  - SQLCipher (4.5.7):
    - SQLCipher/standard (= 4.5.7)
  - SQLCipher/common (4.5.7)
  - SQLCipher/standard (4.5.7):
    - SQLCipher/common
  - ZIPFoundation (0.9.19)

DEPENDENCIES:
  - "Capacitor (from `../../node_modules/@capacitor/ios`)"
  - "CapacitorCommunitySqlite (from `../../node_modules/@capacitor-community/sqlite`)"
  - "CapacitorCordova (from `../../node_modules/@capacitor/ios`)"

SPEC REPOS:
  trunk:
    - SQLCipher
    - ZIPFoundation

EXTERNAL SOURCES:
  Capacitor:
    :path: "../../node_modules/@capacitor/ios"
  CapacitorCommunitySqlite:
    :path: "../../node_modules/@capacitor-community/sqlite"
  CapacitorCordova:
    :path: "../../node_modules/@capacitor/ios"

SPEC CHECKSUMS:
  Capacitor: 559d073c4ca6c27f8e7002c807eea94c3ba435a9
  CapacitorCommunitySqlite: 51e28e15b178468ff8761d4ac21feaf074b6c125
  CapacitorCordova: 8c4bfdf69368512e85b1d8b724dd7546abeb30af
  SQLCipher: 5e6bfb47323635c8b657b1b27d25c5f1baf63bf5
  ZIPFoundation: b8c29ea7ae353b309bc810586181fd073cb3312c

PODFILE CHECKSUM: bae23059c9a56ef50a774bfbdbbc6e2b09db32eb

COCOAPODS: 1.15.2
